
Microsoft Visual Studio Solution File, Format Version 12.00
# Visual Studio 14
VisualStudioVersion = 14.0.25420.1
MinimumVisualStudioVersion = 10.0.40219.1
Project("{FAE04EC0-301F-11D3-BF4B-00C04F79EFBC}") = "Util", "..\..\..\..\Documents\Visual Studio 2015\Projects\GestShop\GestShop\Util\Util.csproj", "{F322513D-B693-4A61-AAB2-93C8A7F04EC0}"
EndProject
Project("{FAE04EC0-301F-11D3-BF4B-00C04F79EFBC}") = "Model", "..\..\..\..\Documents\Visual Studio 2015\Projects\GestShop\GestShop\Model\Model.csproj", "{982D5269-1B4B-41BF-B630-6F66CB7AC482}"
EndProject
Project("{FAE04EC0-301F-11D3-BF4B-00C04F79EFBC}") = "GestShop", "..\..\..\..\Documents\Visual Studio 2015\Projects\GestShop\GestShop\GestShop\GestShop.csproj", "{B2FC8561-D329-4413-AC26-5F304FE5E4E8}"
EndProject
Project("{FAE04EC0-301F-11D3-BF4B-00C04F79EFBC}") = "Controller", "..\..\..\..\Documents\Visual Studio 2015\Projects\GestShop\GestShop\Controller\Controller.csproj", "{63245DD6-E7BB-42DB-8BE5-C9E56905C874}"
EndProject
Global
	GlobalSection(SolutionConfigurationPlatforms) = preSolution
		Debug|Any CPU = Debug|Any CPU
		Release|Any CPU = Release|Any CPU
	EndGlobalSection
	GlobalSection(ProjectConfigurationPlatforms) = postSolution
		{F322513D-B693-4A61-AAB2-93C8A7F04EC0}.Debug|Any CPU.ActiveCfg = Debug|Any CPU
		{F322513D-B693-4A61-AAB2-93C8A7F04EC0}.Debug|Any CPU.Build.0 = Debug|Any CPU
		{F322513D-B693-4A61-AAB2-93C8A7F04EC0}.Release|Any CPU.ActiveCfg = Release|Any CPU
		{F322513D-B693-4A61-AAB2-93C8A7F04EC0}.Release|Any CPU.Build.0 = Release|Any CPU
		{982D5269-1B4B-41BF-B630-6F66CB7AC482}.Debug|Any CPU.ActiveCfg = Debug|Any CPU
		{982D5269-1B4B-41BF-B630-6F66CB7AC482}.Debug|Any CPU.Build.0 = Debug|Any CPU
		{982D5269-1B4B-41BF-B630-6F66CB7AC482}.Release|Any CPU.ActiveCfg = Release|Any CPU
		{982D5269-1B4B-41BF-B630-6F66CB7AC482}.Release|Any CPU.Build.0 = Release|Any CPU
		{B2FC8561-D329-4413-AC26-5F304FE5E4E8}.Debug|Any CPU.ActiveCfg = Debug|Any CPU
		{B2FC8561-D329-4413-AC26-5F304FE5E4E8}.Debug|Any CPU.Build.0 = Debug|Any CPU
		{B2FC8561-D329-4413-AC26-5F304FE5E4E8}.Release|Any CPU.ActiveCfg = Release|Any CPU
		{B2FC8561-D329-4413-AC26-5F304FE5E4E8}.Release|Any CPU.Build.0 = Release|Any CPU
		{63245DD6-E7BB-42DB-8BE5-C9E56905C874}.Debug|Any CPU.ActiveCfg = Debug|Any CPU
		{63245DD6-E7BB-42DB-8BE5-C9E56905C874}.Debug|Any CPU.Build.0 = Debug|Any CPU
		{63245DD6-E7BB-42DB-8BE5-C9E56905C874}.Release|Any CPU.ActiveCfg = Release|Any CPU
		{63245DD6-E7BB-42DB-8BE5-C9E56905C874}.Release|Any CPU.Build.0 = Release|Any CPU
	EndGlobalSection
	GlobalSection(SolutionProperties) = preSolution
		HideSolutionNode = FALSE
	EndGlobalSection
EndGlobal
